("quicklisp" .
 (:class qlot/source/dist:source-dist
  :initargs (:distribution "https://beta.quicklisp.org/dist/quicklisp.txt" :%version :latest)
  :version "2024-10-12"))
("arrow-macros" .
 (:class qlot/source/github:source-github
  :initargs (:repos "hipeta/arrow-macros" :ref nil :branch nil :tag nil)
  :version "github-16bdfd31298182099c7d70df4598104e5a38b05e"))
("ltk" .
 (:class qlot/source/ql:source-ql
  :initargs (:%version :latest)
  :version "ql-2024-10-12"))
